
Microsoft Visual Studio Solution File, Format Version 12.00
# Visual Studio Version 17
VisualStudioVersion = 17.1.32210.238
MinimumVisualStudioVersion = 10.0.40219.1
Project("{9A19103F-16F7-4668-BE54-9A1E7A4F7556}") = "RayTracerChallenge", "RayTracerChallenge\RayTracerChallenge.csproj", "{CCD52E53-EF35-460D-B80F-F467039D68FD}"
EndProject
Project("{FAE04EC0-301F-11D3-BF4B-00C04F79EFBC}") = "RayTracerTests", "RayTracerTests\RayTracerTests.csproj", "{78EB376F-650C-4284-802C-6D052A2A86E8}"
EndProject
Global
	GlobalSection(SolutionConfigurationPlatforms) = preSolution
		Debug|Any CPU = Debug|Any CPU
		Release|Any CPU = Release|Any CPU
	EndGlobalSection
	GlobalSection(ProjectConfigurationPlatforms) = postSolution
		{CCD52E53-EF35-460D-B80F-F467039D68FD}.Debug|Any CPU.ActiveCfg = Debug|Any CPU
		{CCD52E53-EF35-460D-B80F-F467039D68FD}.Debug|Any CPU.Build.0 = Debug|Any CPU
		{CCD52E53-EF35-460D-B80F-F467039D68FD}.Release|Any CPU.ActiveCfg = Release|Any CPU
		{CCD52E53-EF35-460D-B80F-F467039D68FD}.Release|Any CPU.Build.0 = Release|Any CPU
		{78EB376F-650C-4284-802C-6D052A2A86E8}.Debug|Any CPU.ActiveCfg = Debug|Any CPU
		{78EB376F-650C-4284-802C-6D052A2A86E8}.Debug|Any CPU.Build.0 = Debug|Any CPU
		{78EB376F-650C-4284-802C-6D052A2A86E8}.Release|Any CPU.ActiveCfg = Release|Any CPU
		{78EB376F-650C-4284-802C-6D052A2A86E8}.Release|Any CPU.Build.0 = Release|Any CPU
	EndGlobalSection
	GlobalSection(SolutionProperties) = preSolution
		HideSolutionNode = FALSE
	EndGlobalSection
	GlobalSection(ExtensibilityGlobals) = postSolution
		SolutionGuid = {C139341E-90DC-412B-897B-4BEE5166386B}
	EndGlobalSection
EndGlobal
